// !$*UTF8*$!
{
	archiveVersion = 1;
	classes = {
	};
	objectVersion = 77;
	objects = {

/* Begin PBXBuildFile section */
		0822D2862D35DCD200A327D2 /* EditAccountHostingController.swift in Sources */ = {isa = PBXBuildFile; fileRef = 0822D2852D35DCD200A327D2 /* EditAccountHostingController.swift */; };
		0822D2892D35DE0000A327D2 /* ConfirmEmailView.swift in Sources */ = {isa = PBXBuildFile; fileRef = 0822D2882D35DE0000A327D2 /* ConfirmEmailView.swift */; };
		0822D28B2D35DF8A00A327D2 /* ConfirmEmailViewModel.swift in Sources */ = {isa = PBXBuildFile; fileRef = 0822D28A2D35DF8A00A327D2 /* ConfirmEmailViewModel.swift */; };
		0822D28D2D35E02300A327D2 /* ConfirmEmailHostingController.swift in Sources */ = {isa = PBXBuildFile; fileRef = 0822D28C2D35E02300A327D2 /* ConfirmEmailHostingController.swift */; };
		082BE5242D2985FA00B5B426 /* ModelLayer.swift in Sources */ = {isa = PBXBuildFile; fileRef = 082BE5232D2985FA00B5B426 /* ModelLayer.swift */; };
		082BE5272D29860B00B5B426 /* Database.swift in Sources */ = {isa = PBXBuildFile; fileRef = 082BE5262D29860B00B5B426 /* Database.swift */; };
		082BE52A2D29864800B5B426 /* AppConfiguration.swift in Sources */ = {isa = PBXBuildFile; fileRef = 082BE5292D29864800B5B426 /* AppConfiguration.swift */; };
		082BE52B2D2988A000B5B426 /* HomeViewModel.swift in Sources */ = {isa = PBXBuildFile; fileRef = 08B055812D2985120012A74B /* HomeViewModel.swift */; };
		082BE52C2D2988A000B5B426 /* HomeView.swift in Sources */ = {isa = PBXBuildFile; fileRef = 08B0557F2D2985120012A74B /* HomeView.swift */; };
		082BE52E2D2988A500B5B426 /* LoginViewModel.swift in Sources */ = {isa = PBXBuildFile; fileRef = 08B055852D2985120012A74B /* LoginViewModel.swift */; };
		082BE5302D2988A500B5B426 /* LoginView.swift in Sources */ = {isa = PBXBuildFile; fileRef = 08B055832D2985120012A74B /* LoginView.swift */; };
		082BE5312D2988AD00B5B426 /* RegisterView.swift in Sources */ = {isa = PBXBuildFile; fileRef = 08B055872D2985120012A74B /* RegisterView.swift */; };
		082BE5322D2988AD00B5B426 /* RegisterViewModel.swift in Sources */ = {isa = PBXBuildFile; fileRef = 08B055892D2985120012A74B /* RegisterViewModel.swift */; };
		082BE5342D2988B400B5B426 /* EmailField.swift in Sources */ = {isa = PBXBuildFile; fileRef = 08B0557A2D2984FE0012A74B /* EmailField.swift */; };
		082BE5352D2988B400B5B426 /* PasswordField.swift in Sources */ = {isa = PBXBuildFile; fileRef = 08B0557B2D2984FE0012A74B /* PasswordField.swift */; };
		082BE5362D2988B900B5B426 /* DefaultTextFieldStyle.swift in Sources */ = {isa = PBXBuildFile; fileRef = 08B0557C2D2984FE0012A74B /* DefaultTextFieldStyle.swift */; };
		082BE5372D2988C900B5B426 /* HostingController.swift in Sources */ = {isa = PBXBuildFile; fileRef = 082BE50D2D29859000B5B426 /* HostingController.swift */; };
		082BE53B2D2989C100B5B426 /* AuthCoordinator.swift in Sources */ = {isa = PBXBuildFile; fileRef = 082BE53A2D2989C100B5B426 /* AuthCoordinator.swift */; };
		082BE53D2D298BE800B5B426 /* MainCoordinator.swift in Sources */ = {isa = PBXBuildFile; fileRef = 082BE53C2D298BE800B5B426 /* MainCoordinator.swift */; };
		0838EA8C2D276B3D00DB4326 /* Assets.xcassets in Resources */ = {isa = PBXBuildFile; fileRef = 0838EA862D276B3D00DB4326 /* Assets.xcassets */; };
		0838EA8E2D276B3D00DB4326 /* LaunchScreen.storyboard in Resources */ = {isa = PBXBuildFile; fileRef = 0838EA892D276B3D00DB4326 /* LaunchScreen.storyboard */; };
		0838EA8F2D276B3D00DB4326 /* AppDelegate.swift in Sources */ = {isa = PBXBuildFile; fileRef = 0838EA852D276B3D00DB4326 /* AppDelegate.swift */; };
		0838EA932D276B6E00DB4326 /* BaseCoordinator.swift in Sources */ = {isa = PBXBuildFile; fileRef = 0838EA922D276B6E00DB4326 /* BaseCoordinator.swift */; };
		0838EA962D276D8600DB4326 /* ApplicationCoordinator.swift in Sources */ = {isa = PBXBuildFile; fileRef = 0838EA952D276D8600DB4326 /* ApplicationCoordinator.swift */; };
		08453B922D2DEC2F0016B2B1 /* MoreCoordinator.swift in Sources */ = {isa = PBXBuildFile; fileRef = 08453B912D2DEC2F0016B2B1 /* MoreCoordinator.swift */; };
		08453B952D2DED1D0016B2B1 /* MoreView.swift in Sources */ = {isa = PBXBuildFile; fileRef = 08453B942D2DED1D0016B2B1 /* MoreView.swift */; };
		08453B972D2DF2B30016B2B1 /* MoreViewModel.swift in Sources */ = {isa = PBXBuildFile; fileRef = 08453B962D2DF2B30016B2B1 /* MoreViewModel.swift */; };
		086649852D2AF64600E7B3A0 /* HomeCoordinator.swift in Sources */ = {isa = PBXBuildFile; fileRef = 086649842D2AF64600E7B3A0 /* HomeCoordinator.swift */; };
		086649882D2AFB5600E7B3A0 /* LocationsView.swift in Sources */ = {isa = PBXBuildFile; fileRef = 086649872D2AFB5600E7B3A0 /* LocationsView.swift */; };
		0866498A2D2AFB6400E7B3A0 /* LocationsViewModel.swift in Sources */ = {isa = PBXBuildFile; fileRef = 086649892D2AFB6400E7B3A0 /* LocationsViewModel.swift */; };
		0866498C2D2AFBB000E7B3A0 /* BaseViewModel.swift in Sources */ = {isa = PBXBuildFile; fileRef = 0866498B2D2AFBB000E7B3A0 /* BaseViewModel.swift */; };
		0866498F2D2AFC8900E7B3A0 /* TextFieldStyles.swift in Sources */ = {isa = PBXBuildFile; fileRef = 0866498E2D2AFC8900E7B3A0 /* TextFieldStyles.swift */; };
		086649912D2B06E700E7B3A0 /* LocationsHostingController.swift in Sources */ = {isa = PBXBuildFile; fileRef = 086649902D2B06E700E7B3A0 /* LocationsHostingController.swift */; };
		086649932D2B082A00E7B3A0 /* LocationsCoordinator.swift in Sources */ = {isa = PBXBuildFile; fileRef = 086649922D2B082A00E7B3A0 /* LocationsCoordinator.swift */; };
		086649972D2B093500E7B3A0 /* UpgradeCoordinating.swift in Sources */ = {isa = PBXBuildFile; fileRef = 086649962D2B093500E7B3A0 /* UpgradeCoordinating.swift */; };
		086649992D2B09B600E7B3A0 /* UpgradeView.swift in Sources */ = {isa = PBXBuildFile; fileRef = 086649982D2B09B600E7B3A0 /* UpgradeView.swift */; };
		0866499B2D2B09D800E7B3A0 /* UpgradeViewModel.swift in Sources */ = {isa = PBXBuildFile; fileRef = 0866499A2D2B09D800E7B3A0 /* UpgradeViewModel.swift */; };
		0866499D2D2B0B1A00E7B3A0 /* UpgradeHostingController.swift in Sources */ = {isa = PBXBuildFile; fileRef = 0866499C2D2B0B1A00E7B3A0 /* UpgradeHostingController.swift */; };
		0878896E2D3429C300601078 /* AccountView.swift in Sources */ = {isa = PBXBuildFile; fileRef = 0878896D2D3429C300601078 /* AccountView.swift */; };
		087889702D3429E700601078 /* AccountViewModel.swift in Sources */ = {isa = PBXBuildFile; fileRef = 0878896F2D3429E700601078 /* AccountViewModel.swift */; };
		087889722D342C9A00601078 /* ListRow.swift in Sources */ = {isa = PBXBuildFile; fileRef = 087889712D342C9A00601078 /* ListRow.swift */; };
		087889742D342D7C00601078 /* AccountHostingController.swift in Sources */ = {isa = PBXBuildFile; fileRef = 087889732D342D7C00601078 /* AccountHostingController.swift */; };
		087889772D342F5B00601078 /* EditAccountView.swift in Sources */ = {isa = PBXBuildFile; fileRef = 087889762D342F5B00601078 /* EditAccountView.swift */; };
		087889792D342F6800601078 /* EditAccountViewModel.swift in Sources */ = {isa = PBXBuildFile; fileRef = 087889782D342F6800601078 /* EditAccountViewModel.swift */; };
		087EE7EF2D29CA4B00A870F6 /* BackgroundView.swift in Sources */ = {isa = PBXBuildFile; fileRef = 087EE7EE2D29CA4B00A870F6 /* BackgroundView.swift */; };
		08C335872D38871F00EF043E /* AccountCoordinator.swift in Sources */ = {isa = PBXBuildFile; fileRef = 08C335862D38871F00EF043E /* AccountCoordinator.swift */; };
		08C335892D3893C800EF043E /* ConfirmEmailCoordinating.swift in Sources */ = {isa = PBXBuildFile; fileRef = 08C335882D3893C800EF043E /* ConfirmEmailCoordinating.swift */; };
		08C819C62D2F637D00F0205B /* UIViewControllerExtensions.swift in Sources */ = {isa = PBXBuildFile; fileRef = 08C819C52D2F637D00F0205B /* UIViewControllerExtensions.swift */; };
		08F5409A2D849FB80000540B /* UserDefaultsManager.swift in Sources */ = {isa = PBXBuildFile; fileRef = 08F540992D849FB80000540B /* UserDefaultsManager.swift */; };
		08F5409C2D84A00E0000540B /* SystemLayer.swift in Sources */ = {isa = PBXBuildFile; fileRef = 08F5409B2D84A00E0000540B /* SystemLayer.swift */; };
		08F5409E2D84A15F0000540B /* DataLayer.swift in Sources */ = {isa = PBXBuildFile; fileRef = 08F5409D2D84A15F0000540B /* DataLayer.swift */; };
		08F540A02D85F4530000540B /* NotificationNameExtensions.swift in Sources */ = {isa = PBXBuildFile; fileRef = 08F5409F2D85F4530000540B /* NotificationNameExtensions.swift */; };
/* End PBXBuildFile section */

/* Begin PBXFileReference section */
		0822D2852D35DCD200A327D2 /* EditAccountHostingController.swift */ = {isa = PBXFileReference; lastKnownFileType = sourcecode.swift; path = EditAccountHostingController.swift; sourceTree = "<group>"; };
		0822D2882D35DE0000A327D2 /* ConfirmEmailView.swift */ = {isa = PBXFileReference; lastKnownFileType = sourcecode.swift; path = ConfirmEmailView.swift; sourceTree = "<group>"; };
		0822D28A2D35DF8A00A327D2 /* ConfirmEmailViewModel.swift */ = {isa = PBXFileReference; lastKnownFileType = sourcecode.swift; path = ConfirmEmailViewModel.swift; sourceTree = "<group>"; };
		0822D28C2D35E02300A327D2 /* ConfirmEmailHostingController.swift */ = {isa = PBXFileReference; lastKnownFileType = sourcecode.swift; path = ConfirmEmailHostingController.swift; sourceTree = "<group>"; };
		082BE50D2D29859000B5B426 /* HostingController.swift */ = {isa = PBXFileReference; lastKnownFileType = sourcecode.swift; path = HostingController.swift; sourceTree = "<group>"; };
		082BE5232D2985FA00B5B426 /* ModelLayer.swift */ = {isa = PBXFileReference; lastKnownFileType = sourcecode.swift; path = ModelLayer.swift; sourceTree = "<group>"; };
		082BE5262D29860B00B5B426 /* Database.swift */ = {isa = PBXFileReference; lastKnownFileType = sourcecode.swift; path = Database.swift; sourceTree = "<group>"; };
		082BE5292D29864800B5B426 /* AppConfiguration.swift */ = {isa = PBXFileReference; lastKnownFileType = sourcecode.swift; path = AppConfiguration.swift; sourceTree = "<group>"; };
		082BE53A2D2989C100B5B426 /* AuthCoordinator.swift */ = {isa = PBXFileReference; lastKnownFileType = sourcecode.swift; path = AuthCoordinator.swift; sourceTree = "<group>"; };
		082BE53C2D298BE800B5B426 /* MainCoordinator.swift */ = {isa = PBXFileReference; lastKnownFileType = sourcecode.swift; path = MainCoordinator.swift; sourceTree = "<group>"; };
		0838EA6D2D2768C000DB4326 /* Advanced SwiftUI UIKit Nav.app */ = {isa = PBXFileReference; explicitFileType = wrapper.application; includeInIndex = 0; path = "Advanced SwiftUI UIKit Nav.app"; sourceTree = BUILT_PRODUCTS_DIR; };
		0838EA852D276B3D00DB4326 /* AppDelegate.swift */ = {isa = PBXFileReference; lastKnownFileType = sourcecode.swift; path = AppDelegate.swift; sourceTree = "<group>"; };
		0838EA862D276B3D00DB4326 /* Assets.xcassets */ = {isa = PBXFileReference; lastKnownFileType = folder.assetcatalog; path = Assets.xcassets; sourceTree = "<group>"; };
		0838EA872D276B3D00DB4326 /* Info.plist */ = {isa = PBXFileReference; lastKnownFileType = text.plist.xml; path = Info.plist; sourceTree = "<group>"; };
		0838EA882D276B3D00DB4326 /* Base */ = {isa = PBXFileReference; lastKnownFileType = file.storyboard; name = Base; path = Base.lproj/LaunchScreen.storyboard; sourceTree = "<group>"; };
		0838EA922D276B6E00DB4326 /* BaseCoordinator.swift */ = {isa = PBXFileReference; lastKnownFileType = sourcecode.swift; path = BaseCoordinator.swift; sourceTree = "<group>"; };
		0838EA952D276D8600DB4326 /* ApplicationCoordinator.swift */ = {isa = PBXFileReference; lastKnownFileType = sourcecode.swift; path = ApplicationCoordinator.swift; sourceTree = "<group>"; };
		08453B912D2DEC2F0016B2B1 /* MoreCoordinator.swift */ = {isa = PBXFileReference; lastKnownFileType = sourcecode.swift; path = MoreCoordinator.swift; sourceTree = "<group>"; };
		08453B942D2DED1D0016B2B1 /* MoreView.swift */ = {isa = PBXFileReference; lastKnownFileType = sourcecode.swift; path = MoreView.swift; sourceTree = "<group>"; };
		08453B962D2DF2B30016B2B1 /* MoreViewModel.swift */ = {isa = PBXFileReference; lastKnownFileType = sourcecode.swift; path = MoreViewModel.swift; sourceTree = "<group>"; };
		086649842D2AF64600E7B3A0 /* HomeCoordinator.swift */ = {isa = PBXFileReference; lastKnownFileType = sourcecode.swift; path = HomeCoordinator.swift; sourceTree = "<group>"; };
		086649872D2AFB5600E7B3A0 /* LocationsView.swift */ = {isa = PBXFileReference; lastKnownFileType = sourcecode.swift; path = LocationsView.swift; sourceTree = "<group>"; };
		086649892D2AFB6400E7B3A0 /* LocationsViewModel.swift */ = {isa = PBXFileReference; lastKnownFileType = sourcecode.swift; path = LocationsViewModel.swift; sourceTree = "<group>"; };
		0866498B2D2AFBB000E7B3A0 /* BaseViewModel.swift */ = {isa = PBXFileReference; lastKnownFileType = sourcecode.swift; path = BaseViewModel.swift; sourceTree = "<group>"; };
		0866498E2D2AFC8900E7B3A0 /* TextFieldStyles.swift */ = {isa = PBXFileReference; lastKnownFileType = sourcecode.swift; path = TextFieldStyles.swift; sourceTree = "<group>"; };
		086649902D2B06E700E7B3A0 /* LocationsHostingController.swift */ = {isa = PBXFileReference; lastKnownFileType = sourcecode.swift; path = LocationsHostingController.swift; sourceTree = "<group>"; };
		086649922D2B082A00E7B3A0 /* LocationsCoordinator.swift */ = {isa = PBXFileReference; lastKnownFileType = sourcecode.swift; path = LocationsCoordinator.swift; sourceTree = "<group>"; };
		086649962D2B093500E7B3A0 /* UpgradeCoordinating.swift */ = {isa = PBXFileReference; lastKnownFileType = sourcecode.swift; path = UpgradeCoordinating.swift; sourceTree = "<group>"; };
		086649982D2B09B600E7B3A0 /* UpgradeView.swift */ = {isa = PBXFileReference; lastKnownFileType = sourcecode.swift; path = UpgradeView.swift; sourceTree = "<group>"; };
		0866499A2D2B09D800E7B3A0 /* UpgradeViewModel.swift */ = {isa = PBXFileReference; lastKnownFileType = sourcecode.swift; path = UpgradeViewModel.swift; sourceTree = "<group>"; };
		0866499C2D2B0B1A00E7B3A0 /* UpgradeHostingController.swift */ = {isa = PBXFileReference; lastKnownFileType = sourcecode.swift; path = UpgradeHostingController.swift; sourceTree = "<group>"; };
		0878896D2D3429C300601078 /* AccountView.swift */ = {isa = PBXFileReference; lastKnownFileType = sourcecode.swift; path = AccountView.swift; sourceTree = "<group>"; };
		0878896F2D3429E700601078 /* AccountViewModel.swift */ = {isa = PBXFileReference; lastKnownFileType = sourcecode.swift; path = AccountViewModel.swift; sourceTree = "<group>"; };
		087889712D342C9A00601078 /* ListRow.swift */ = {isa = PBXFileReference; lastKnownFileType = sourcecode.swift; path = ListRow.swift; sourceTree = "<group>"; };
		087889732D342D7C00601078 /* AccountHostingController.swift */ = {isa = PBXFileReference; lastKnownFileType = sourcecode.swift; path = AccountHostingController.swift; sourceTree = "<group>"; };
		087889762D342F5B00601078 /* EditAccountView.swift */ = {isa = PBXFileReference; lastKnownFileType = sourcecode.swift; path = EditAccountView.swift; sourceTree = "<group>"; };
		087889782D342F6800601078 /* EditAccountViewModel.swift */ = {isa = PBXFileReference; lastKnownFileType = sourcecode.swift; path = EditAccountViewModel.swift; sourceTree = "<group>"; };
		087EE7EE2D29CA4B00A870F6 /* BackgroundView.swift */ = {isa = PBXFileReference; lastKnownFileType = sourcecode.swift; path = BackgroundView.swift; sourceTree = "<group>"; };
		08B0557A2D2984FE0012A74B /* EmailField.swift */ = {isa = PBXFileReference; lastKnownFileType = sourcecode.swift; path = EmailField.swift; sourceTree = "<group>"; };
		08B0557B2D2984FE0012A74B /* PasswordField.swift */ = {isa = PBXFileReference; lastKnownFileType = sourcecode.swift; path = PasswordField.swift; sourceTree = "<group>"; };
		08B0557C2D2984FE0012A74B /* DefaultTextFieldStyle.swift */ = {isa = PBXFileReference; lastKnownFileType = sourcecode.swift; path = DefaultTextFieldStyle.swift; sourceTree = "<group>"; };
		08B0557F2D2985120012A74B /* HomeView.swift */ = {isa = PBXFileReference; lastKnownFileType = sourcecode.swift; path = HomeView.swift; sourceTree = "<group>"; };
		08B055812D2985120012A74B /* HomeViewModel.swift */ = {isa = PBXFileReference; lastKnownFileType = sourcecode.swift; path = HomeViewModel.swift; sourceTree = "<group>"; };
		08B055832D2985120012A74B /* LoginView.swift */ = {isa = PBXFileReference; lastKnownFileType = sourcecode.swift; path = LoginView.swift; sourceTree = "<group>"; };
		08B055852D2985120012A74B /* LoginViewModel.swift */ = {isa = PBXFileReference; lastKnownFileType = sourcecode.swift; path = LoginViewModel.swift; sourceTree = "<group>"; };
		08B055872D2985120012A74B /* RegisterView.swift */ = {isa = PBXFileReference; lastKnownFileType = sourcecode.swift; path = RegisterView.swift; sourceTree = "<group>"; };
		08B055892D2985120012A74B /* RegisterViewModel.swift */ = {isa = PBXFileReference; lastKnownFileType = sourcecode.swift; path = RegisterViewModel.swift; sourceTree = "<group>"; };
		08C335862D38871F00EF043E /* AccountCoordinator.swift */ = {isa = PBXFileReference; lastKnownFileType = sourcecode.swift; path = AccountCoordinator.swift; sourceTree = "<group>"; };
		08C335882D3893C800EF043E /* ConfirmEmailCoordinating.swift */ = {isa = PBXFileReference; lastKnownFileType = sourcecode.swift; path = ConfirmEmailCoordinating.swift; sourceTree = "<group>"; };
		08C819C52D2F637D00F0205B /* UIViewControllerExtensions.swift */ = {isa = PBXFileReference; lastKnownFileType = sourcecode.swift; path = UIViewControllerExtensions.swift; sourceTree = "<group>"; };
		08F540992D849FB80000540B /* UserDefaultsManager.swift */ = {isa = PBXFileReference; lastKnownFileType = sourcecode.swift; path = UserDefaultsManager.swift; sourceTree = "<group>"; };
		08F5409B2D84A00E0000540B /* SystemLayer.swift */ = {isa = PBXFileReference; lastKnownFileType = sourcecode.swift; path = SystemLayer.swift; sourceTree = "<group>"; };
		08F5409D2D84A15F0000540B /* DataLayer.swift */ = {isa = PBXFileReference; lastKnownFileType = sourcecode.swift; path = DataLayer.swift; sourceTree = "<group>"; };
		08F5409F2D85F4530000540B /* NotificationNameExtensions.swift */ = {isa = PBXFileReference; lastKnownFileType = sourcecode.swift; path = NotificationNameExtensions.swift; sourceTree = "<group>"; };
/* End PBXFileReference section */

/* Begin PBXFrameworksBuildPhase section */
		0838EA6A2D2768C000DB4326 /* Frameworks */ = {
			isa = PBXFrameworksBuildPhase;
			buildActionMask = 2147483647;
			files = (
			);
			runOnlyForDeploymentPostprocessing = 0;
		};
/* End PBXFrameworksBuildPhase section */

/* Begin PBXGroup section */
		0822D2872D35DDE600A327D2 /* Confirm Email */ = {
			isa = PBXGroup;
			children = (
				0822D2882D35DE0000A327D2 /* ConfirmEmailView.swift */,
				0822D28A2D35DF8A00A327D2 /* ConfirmEmailViewModel.swift */,
				0822D28C2D35E02300A327D2 /* ConfirmEmailHostingController.swift */,
			);
			path = "Confirm Email";
			sourceTree = "<group>";
		};
		082BE5222D2985ED00B5B426 /* ModelLayer */ = {
			isa = PBXGroup;
			children = (
				082BE5252D2985FF00B5B426 /* Data Layer */,
				082BE5232D2985FA00B5B426 /* ModelLayer.swift */,
				08F540982D849FAA0000540B /* System Layer */,
			);
			path = ModelLayer;
			sourceTree = "<group>";
		};
		082BE5252D2985FF00B5B426 /* Data Layer */ = {
			isa = PBXGroup;
			children = (
				082BE5262D29860B00B5B426 /* Database.swift */,
				08F5409D2D84A15F0000540B /* DataLayer.swift */,
			);
			path = "Data Layer";
			sourceTree = "<group>";
		};
		082BE5282D29863800B5B426 /* Configuration */ = {
			isa = PBXGroup;
			children = (
				082BE5292D29864800B5B426 /* AppConfiguration.swift */,
			);
			path = Configuration;
			sourceTree = "<group>";
		};
		082BE5382D2989AC00B5B426 /* Flows */ = {
			isa = PBXGroup;
			children = (
				082BE53A2D2989C100B5B426 /* AuthCoordinator.swift */,
				082BE53C2D298BE800B5B426 /* MainCoordinator.swift */,
				08C335862D38871F00EF043E /* AccountCoordinator.swift */,
				086649952D2B092400E7B3A0 /* Supporting */,
				086649832D2AF63400E7B3A0 /* Tab Flows */,
			);
			path = Flows;
			sourceTree = "<group>";
		};
		0838EA642D2768C000DB4326 = {
			isa = PBXGroup;
			children = (
				0838EA8B2D276B3D00DB4326 /* Advanced SwiftUI UIKit Nav */,
				0838EA6E2D2768C000DB4326 /* Products */,
			);
			sourceTree = "<group>";
		};
		0838EA6E2D2768C000DB4326 /* Products */ = {
			isa = PBXGroup;
			children = (
				0838EA6D2D2768C000DB4326 /* Advanced SwiftUI UIKit Nav.app */,
			);
			name = Products;
			sourceTree = "<group>";
		};
		0838EA8B2D276B3D00DB4326 /* Advanced SwiftUI UIKit Nav */ = {
			isa = PBXGroup;
			children = (
				0838EA852D276B3D00DB4326 /* AppDelegate.swift */,
				0838EA862D276B3D00DB4326 /* Assets.xcassets */,
				082BE5282D29863800B5B426 /* Configuration */,
				0838EA912D276B4100DB4326 /* Coordinators */,
				08B0558D2D2985500012A74B /* Core */,
				08C819C42D2F636800F0205B /* Extensions */,
				0838EA872D276B3D00DB4326 /* Info.plist */,
				0838EA892D276B3D00DB4326 /* LaunchScreen.storyboard */,
				082BE5222D2985ED00B5B426 /* ModelLayer */,
				08B0558B2D2985120012A74B /* Screens */,
				08B0557E2D2984FE0012A74B /* Shared Views */,
			);
			path = "Advanced SwiftUI UIKit Nav";
			sourceTree = "<group>";
		};
		0838EA912D276B4100DB4326 /* Coordinators */ = {
			isa = PBXGroup;
			children = (
				0838EA952D276D8600DB4326 /* ApplicationCoordinator.swift */,
				082BE5382D2989AC00B5B426 /* Flows */,
				0838EA942D276D6900DB4326 /* Supporting */,
			);
			path = Coordinators;
			sourceTree = "<group>";
		};
		0838EA942D276D6900DB4326 /* Supporting */ = {
			isa = PBXGroup;
			children = (
				0838EA922D276B6E00DB4326 /* BaseCoordinator.swift */,
			);
			path = Supporting;
			sourceTree = "<group>";
		};
		08453B932D2DED020016B2B1 /* More */ = {
			isa = PBXGroup;
			children = (
				08453B942D2DED1D0016B2B1 /* MoreView.swift */,
				08453B962D2DF2B30016B2B1 /* MoreViewModel.swift */,
			);
			path = More;
			sourceTree = "<group>";
		};
		086649832D2AF63400E7B3A0 /* Tab Flows */ = {
			isa = PBXGroup;
			children = (
				086649842D2AF64600E7B3A0 /* HomeCoordinator.swift */,
				086649922D2B082A00E7B3A0 /* LocationsCoordinator.swift */,
				08453B912D2DEC2F0016B2B1 /* MoreCoordinator.swift */,
			);
			path = "Tab Flows";
			sourceTree = "<group>";
		};
		086649862D2AFB4600E7B3A0 /* Locations */ = {
			isa = PBXGroup;
			children = (
				086649872D2AFB5600E7B3A0 /* LocationsView.swift */,
				086649892D2AFB6400E7B3A0 /* LocationsViewModel.swift */,
				086649902D2B06E700E7B3A0 /* LocationsHostingController.swift */,
			);
			path = Locations;
			sourceTree = "<group>";
		};
		086649942D2B090600E7B3A0 /* Upgrade */ = {
			isa = PBXGroup;
			children = (
				086649982D2B09B600E7B3A0 /* UpgradeView.swift */,
				0866499A2D2B09D800E7B3A0 /* UpgradeViewModel.swift */,
				0866499C2D2B0B1A00E7B3A0 /* UpgradeHostingController.swift */,
			);
			path = Upgrade;
			sourceTree = "<group>";
		};
		086649952D2B092400E7B3A0 /* Supporting */ = {
			isa = PBXGroup;
			children = (
				086649962D2B093500E7B3A0 /* UpgradeCoordinating.swift */,
				08C335882D3893C800EF043E /* ConfirmEmailCoordinating.swift */,
			);
			path = Supporting;
			sourceTree = "<group>";
		};
		0878896B2D34298800601078 /* Account Screens */ = {
			isa = PBXGroup;
			children = (
				0878896C2D3429B200601078 /* Account */,
				087889752D342E9800601078 /* Edit Account */,
			);
			path = "Account Screens";
			sourceTree = "<group>";
		};
		0878896C2D3429B200601078 /* Account */ = {
			isa = PBXGroup;
			children = (
				0878896D2D3429C300601078 /* AccountView.swift */,
				0878896F2D3429E700601078 /* AccountViewModel.swift */,
				087889732D342D7C00601078 /* AccountHostingController.swift */,
			);
			path = Account;
			sourceTree = "<group>";
		};
		087889752D342E9800601078 /* Edit Account */ = {
			isa = PBXGroup;
			children = (
				087889762D342F5B00601078 /* EditAccountView.swift */,
				087889782D342F6800601078 /* EditAccountViewModel.swift */,
				0822D2852D35DCD200A327D2 /* EditAccountHostingController.swift */,
			);
			path = "Edit Account";
			sourceTree = "<group>";
		};
		08B0557D2D2984FE0012A74B /* TextField Styles */ = {
			isa = PBXGroup;
			children = (
				08B0557C2D2984FE0012A74B /* DefaultTextFieldStyle.swift */,
				0866498E2D2AFC8900E7B3A0 /* TextFieldStyles.swift */,
			);
			path = "TextField Styles";
			sourceTree = "<group>";
		};
		08B0557E2D2984FE0012A74B /* Shared Views */ = {
			isa = PBXGroup;
			children = (
				087EE7EE2D29CA4B00A870F6 /* BackgroundView.swift */,
				08B0557A2D2984FE0012A74B /* EmailField.swift */,
				087889712D342C9A00601078 /* ListRow.swift */,
				08B0557B2D2984FE0012A74B /* PasswordField.swift */,
				08B0557D2D2984FE0012A74B /* TextField Styles */,
			);
			path = "Shared Views";
			sourceTree = "<group>";
		};
		08B055822D2985120012A74B /* Home */ = {
			isa = PBXGroup;
			children = (
				08B0557F2D2985120012A74B /* HomeView.swift */,
				08B055812D2985120012A74B /* HomeViewModel.swift */,
			);
			path = Home;
			sourceTree = "<group>";
		};
		08B055862D2985120012A74B /* Login */ = {
			isa = PBXGroup;
			children = (
				08B055832D2985120012A74B /* LoginView.swift */,
				08B055852D2985120012A74B /* LoginViewModel.swift */,
			);
			path = Login;
			sourceTree = "<group>";
		};
		08B0558A2D2985120012A74B /* Register */ = {
			isa = PBXGroup;
			children = (
				08B055872D2985120012A74B /* RegisterView.swift */,
				08B055892D2985120012A74B /* RegisterViewModel.swift */,
			);
			path = Register;
			sourceTree = "<group>";
		};
		08B0558B2D2985120012A74B /* Screens */ = {
			isa = PBXGroup;
			children = (
				0878896B2D34298800601078 /* Account Screens */,
				0822D2872D35DDE600A327D2 /* Confirm Email */,
				08B055822D2985120012A74B /* Home */,
				086649862D2AFB4600E7B3A0 /* Locations */,
				08B055862D2985120012A74B /* Login */,
				08453B932D2DED020016B2B1 /* More */,
				08B0558A2D2985120012A74B /* Register */,
				086649942D2B090600E7B3A0 /* Upgrade */,
			);
			path = Screens;
			sourceTree = "<group>";
		};
		08B0558D2D2985500012A74B /* Core */ = {
			isa = PBXGroup;
			children = (
				0866498B2D2AFBB000E7B3A0 /* BaseViewModel.swift */,
				082BE50D2D29859000B5B426 /* HostingController.swift */,
			);
			path = Core;
			sourceTree = "<group>";
		};
		08C819C42D2F636800F0205B /* Extensions */ = {
			isa = PBXGroup;
			children = (
				08F5409F2D85F4530000540B /* NotificationNameExtensions.swift */,
				08C819C52D2F637D00F0205B /* UIViewControllerExtensions.swift */,
			);
			path = Extensions;
			sourceTree = "<group>";
		};
		08F540982D849FAA0000540B /* System Layer */ = {
			isa = PBXGroup;
			children = (
				08F540992D849FB80000540B /* UserDefaultsManager.swift */,
				08F5409B2D84A00E0000540B /* SystemLayer.swift */,
			);
			path = "System Layer";
			sourceTree = "<group>";
		};
/* End PBXGroup section */

/* Begin PBXNativeTarget section */
		0838EA6C2D2768C000DB4326 /* Advanced SwiftUI UIKit Nav */ = {
			isa = PBXNativeTarget;
			buildConfigurationList = 0838EA802D2768C100DB4326 /* Build configuration list for PBXNativeTarget "Advanced SwiftUI UIKit Nav" */;
			buildPhases = (
				0838EA692D2768C000DB4326 /* Sources */,
				0838EA6A2D2768C000DB4326 /* Frameworks */,
				0838EA6B2D2768C000DB4326 /* Resources */,
			);
			buildRules = (
			);
			dependencies = (
			);
			name = "Advanced SwiftUI UIKit Nav";
			packageProductDependencies = (
			);
			productName = "Advanced SwiftUI UIKit Nav";
			productReference = 0838EA6D2D2768C000DB4326 /* Advanced SwiftUI UIKit Nav.app */;
			productType = "com.apple.product-type.application";
		};
/* End PBXNativeTarget section */

/* Begin PBXProject section */
		0838EA652D2768C000DB4326 /* Project object */ = {
			isa = PBXProject;
			attributes = {
				BuildIndependentTargetsInParallel = 1;
				LastSwiftUpdateCheck = 1620;
				LastUpgradeCheck = 1620;
				TargetAttributes = {
					0838EA6C2D2768C000DB4326 = {
						CreatedOnToolsVersion = 16.2;
					};
				};
			};
			buildConfigurationList = 0838EA682D2768C000DB4326 /* Build configuration list for PBXProject "Advanced SwiftUI UIKit Nav" */;
			developmentRegion = en;
			hasScannedForEncodings = 0;
			knownRegions = (
				en,
				Base,
			);
			mainGroup = 0838EA642D2768C000DB4326;
			minimizedProjectReferenceProxies = 1;
			preferredProjectObjectVersion = 77;
			productRefGroup = 0838EA6E2D2768C000DB4326 /* Products */;
			projectDirPath = "";
			projectRoot = "";
			targets = (
				0838EA6C2D2768C000DB4326 /* Advanced SwiftUI UIKit Nav */,
			);
		};
/* End PBXProject section */

/* Begin PBXResourcesBuildPhase section */
		0838EA6B2D2768C000DB4326 /* Resources */ = {
			isa = PBXResourcesBuildPhase;
			buildActionMask = 2147483647;
			files = (
				0838EA8C2D276B3D00DB4326 /* Assets.xcassets in Resources */,
				0838EA8E2D276B3D00DB4326 /* LaunchScreen.storyboard in Resources */,
			);
			runOnlyForDeploymentPostprocessing = 0;
		};
/* End PBXResourcesBuildPhase section */

/* Begin PBXSourcesBuildPhase section */
		0838EA692D2768C000DB4326 /* Sources */ = {
			isa = PBXSourcesBuildPhase;
			buildActionMask = 2147483647;
			files = (
				082BE5372D2988C900B5B426 /* HostingController.swift in Sources */,
				0866499D2D2B0B1A00E7B3A0 /* UpgradeHostingController.swift in Sources */,
				0838EA8F2D276B3D00DB4326 /* AppDelegate.swift in Sources */,
				082BE5242D2985FA00B5B426 /* ModelLayer.swift in Sources */,
				0878896E2D3429C300601078 /* AccountView.swift in Sources */,
				0822D28B2D35DF8A00A327D2 /* ConfirmEmailViewModel.swift in Sources */,
				0838EA932D276B6E00DB4326 /* BaseCoordinator.swift in Sources */,
				087889772D342F5B00601078 /* EditAccountView.swift in Sources */,
				08C335892D3893C800EF043E /* ConfirmEmailCoordinating.swift in Sources */,
				087889742D342D7C00601078 /* AccountHostingController.swift in Sources */,
				087EE7EF2D29CA4B00A870F6 /* BackgroundView.swift in Sources */,
				086649972D2B093500E7B3A0 /* UpgradeCoordinating.swift in Sources */,
				08F5409A2D849FB80000540B /* UserDefaultsManager.swift in Sources */,
				086649852D2AF64600E7B3A0 /* HomeCoordinator.swift in Sources */,
				086649992D2B09B600E7B3A0 /* UpgradeView.swift in Sources */,
				086649882D2AFB5600E7B3A0 /* LocationsView.swift in Sources */,
				08C335872D38871F00EF043E /* AccountCoordinator.swift in Sources */,
				0866498A2D2AFB6400E7B3A0 /* LocationsViewModel.swift in Sources */,
				082BE53D2D298BE800B5B426 /* MainCoordinator.swift in Sources */,
				0866498F2D2AFC8900E7B3A0 /* TextFieldStyles.swift in Sources */,
				082BE52E2D2988A500B5B426 /* LoginViewModel.swift in Sources */,
				082BE5302D2988A500B5B426 /* LoginView.swift in Sources */,
				082BE52B2D2988A000B5B426 /* HomeViewModel.swift in Sources */,
				082BE52C2D2988A000B5B426 /* HomeView.swift in Sources */,
				087889792D342F6800601078 /* EditAccountViewModel.swift in Sources */,
				082BE52A2D29864800B5B426 /* AppConfiguration.swift in Sources */,
				08C819C62D2F637D00F0205B /* UIViewControllerExtensions.swift in Sources */,
				0866498C2D2AFBB000E7B3A0 /* BaseViewModel.swift in Sources */,
				082BE5272D29860B00B5B426 /* Database.swift in Sources */,
				087889702D3429E700601078 /* AccountViewModel.swift in Sources */,
				087889722D342C9A00601078 /* ListRow.swift in Sources */,
				08453B922D2DEC2F0016B2B1 /* MoreCoordinator.swift in Sources */,
				082BE5312D2988AD00B5B426 /* RegisterView.swift in Sources */,
				082BE5342D2988B400B5B426 /* EmailField.swift in Sources */,
				08F540A02D85F4530000540B /* NotificationNameExtensions.swift in Sources */,
				08453B952D2DED1D0016B2B1 /* MoreView.swift in Sources */,
				0822D2862D35DCD200A327D2 /* EditAccountHostingController.swift in Sources */,
				08453B972D2DF2B30016B2B1 /* MoreViewModel.swift in Sources */,
				086649912D2B06E700E7B3A0 /* LocationsHostingController.swift in Sources */,
				082BE5352D2988B400B5B426 /* PasswordField.swift in Sources */,
				0822D28D2D35E02300A327D2 /* ConfirmEmailHostingController.swift in Sources */,
				086649932D2B082A00E7B3A0 /* LocationsCoordinator.swift in Sources */,
				082BE5322D2988AD00B5B426 /* RegisterViewModel.swift in Sources */,
				0838EA962D276D8600DB4326 /* ApplicationCoordinator.swift in Sources */,
				0866499B2D2B09D800E7B3A0 /* UpgradeViewModel.swift in Sources */,
				082BE53B2D2989C100B5B426 /* AuthCoordinator.swift in Sources */,
				0822D2892D35DE0000A327D2 /* ConfirmEmailView.swift in Sources */,
				08F5409C2D84A00E0000540B /* SystemLayer.swift in Sources */,
				08F5409E2D84A15F0000540B /* DataLayer.swift in Sources */,
				082BE5362D2988B900B5B426 /* DefaultTextFieldStyle.swift in Sources */,
			);
			runOnlyForDeploymentPostprocessing = 0;
		};
/* End PBXSourcesBuildPhase section */

/* Begin PBXVariantGroup section */
		0838EA892D276B3D00DB4326 /* LaunchScreen.storyboard */ = {
			isa = PBXVariantGroup;
			children = (
				0838EA882D276B3D00DB4326 /* Base */,
			);
			name = LaunchScreen.storyboard;
			sourceTree = "<group>";
		};
/* End PBXVariantGroup section */

/* Begin XCBuildConfiguration section */
		0838EA812D2768C100DB4326 /* Debug */ = {
			isa = XCBuildConfiguration;
			buildSettings = {
				ASSETCATALOG_COMPILER_APPICON_NAME = AppIcon;
				ASSETCATALOG_COMPILER_GLOBAL_ACCENT_COLOR_NAME = AccentColor;
				CODE_SIGN_STYLE = Automatic;
				CURRENT_PROJECT_VERSION = 1;
				DEVELOPMENT_TEAM = L35UPK3UXC;
				GENERATE_INFOPLIST_FILE = YES;
				INFOPLIST_FILE = "Advanced SwiftUI UIKit Nav/Info.plist";
				INFOPLIST_KEY_UIApplicationSupportsIndirectInputEvents = YES;
				INFOPLIST_KEY_UILaunchStoryboardName = LaunchScreen;
				INFOPLIST_KEY_UISupportedInterfaceOrientations_iPad = "UIInterfaceOrientationPortrait UIInterfaceOrientationPortraitUpsideDown UIInterfaceOrientationLandscapeLeft UIInterfaceOrientationLandscapeRight";
				INFOPLIST_KEY_UISupportedInterfaceOrientations_iPhone = "UIInterfaceOrientationPortrait UIInterfaceOrientationLandscapeLeft UIInterfaceOrientationLandscapeRight";
				LD_RUNPATH_SEARCH_PATHS = (
					"$(inherited)",
					"@executable_path/Frameworks",
				);
				MARKETING_VERSION = 1.0;
				PRODUCT_BUNDLE_IDENTIFIER = "com.technecoding.Advanced-SwiftUI-UIKit-Nav";
				PRODUCT_NAME = "$(TARGET_NAME)";
				SWIFT_EMIT_LOC_STRINGS = YES;
				SWIFT_VERSION = 5.0;
				TARGETED_DEVICE_FAMILY = "1,2";
			};
			name = Debug;
		};
		0838EA822D2768C100DB4326 /* Release */ = {
			isa = XCBuildConfiguration;
			buildSettings = {
				ASSETCATALOG_COMPILER_APPICON_NAME = AppIcon;
				ASSETCATALOG_COMPILER_GLOBAL_ACCENT_COLOR_NAME = AccentColor;
				CODE_SIGN_STYLE = Automatic;
				CURRENT_PROJECT_VERSION = 1;
				DEVELOPMENT_TEAM = L35UPK3UXC;
				GENERATE_INFOPLIST_FILE = YES;
				INFOPLIST_FILE = "Advanced SwiftUI UIKit Nav/Info.plist";
				INFOPLIST_KEY_UIApplicationSupportsIndirectInputEvents = YES;
				INFOPLIST_KEY_UILaunchStoryboardName = LaunchScreen;
				INFOPLIST_KEY_UISupportedInterfaceOrientations_iPad = "UIInterfaceOrientationPortrait UIInterfaceOrientationPortraitUpsideDown UIInterfaceOrientationLandscapeLeft UIInterfaceOrientationLandscapeRight";
				INFOPLIST_KEY_UISupportedInterfaceOrientations_iPhone = "UIInterfaceOrientationPortrait UIInterfaceOrientationLandscapeLeft UIInterfaceOrientationLandscapeRight";
				LD_RUNPATH_SEARCH_PATHS = (
					"$(inherited)",
					"@executable_path/Frameworks",
				);
				MARKETING_VERSION = 1.0;
				PRODUCT_BUNDLE_IDENTIFIER = "com.technecoding.Advanced-SwiftUI-UIKit-Nav";
				PRODUCT_NAME = "$(TARGET_NAME)";
				SWIFT_EMIT_LOC_STRINGS = YES;
				SWIFT_VERSION = 5.0;
				TARGETED_DEVICE_FAMILY = "1,2";
			};
			name = Release;
		};
		0838EA832D2768C100DB4326 /* Debug */ = {
			isa = XCBuildConfiguration;
			buildSettings = {
				ALWAYS_SEARCH_USER_PATHS = NO;
				ASSETCATALOG_COMPILER_GENERATE_SWIFT_ASSET_SYMBOL_EXTENSIONS = YES;
				CLANG_ANALYZER_NONNULL = YES;
				CLANG_ANALYZER_NUMBER_OBJECT_CONVERSION = YES_AGGRESSIVE;
				CLANG_CXX_LANGUAGE_STANDARD = "gnu++20";
				CLANG_ENABLE_MODULES = YES;
				CLANG_ENABLE_OBJC_ARC = YES;
				CLANG_ENABLE_OBJC_WEAK = YES;
				CLANG_WARN_BLOCK_CAPTURE_AUTORELEASING = YES;
				CLANG_WARN_BOOL_CONVERSION = YES;
				CLANG_WARN_COMMA = YES;
				CLANG_WARN_CONSTANT_CONVERSION = YES;
				CLANG_WARN_DEPRECATED_OBJC_IMPLEMENTATIONS = YES;
				CLANG_WARN_DIRECT_OBJC_ISA_USAGE = YES_ERROR;
				CLANG_WARN_DOCUMENTATION_COMMENTS = YES;
				CLANG_WARN_EMPTY_BODY = YES;
				CLANG_WARN_ENUM_CONVERSION = YES;
				CLANG_WARN_INFINITE_RECURSION = YES;
				CLANG_WARN_INT_CONVERSION = YES;
				CLANG_WARN_NON_LITERAL_NULL_CONVERSION = YES;
				CLANG_WARN_OBJC_IMPLICIT_RETAIN_SELF = YES;
				CLANG_WARN_OBJC_LITERAL_CONVERSION = YES;
				CLANG_WARN_OBJC_ROOT_CLASS = YES_ERROR;
				CLANG_WARN_QUOTED_INCLUDE_IN_FRAMEWORK_HEADER = YES;
				CLANG_WARN_RANGE_LOOP_ANALYSIS = YES;
				CLANG_WARN_STRICT_PROTOTYPES = YES;
				CLANG_WARN_SUSPICIOUS_MOVE = YES;
				CLANG_WARN_UNGUARDED_AVAILABILITY = YES_AGGRESSIVE;
				CLANG_WARN_UNREACHABLE_CODE = YES;
				CLANG_WARN__DUPLICATE_METHOD_MATCH = YES;
				COPY_PHASE_STRIP = NO;
				DEBUG_INFORMATION_FORMAT = dwarf;
				ENABLE_STRICT_OBJC_MSGSEND = YES;
				ENABLE_TESTABILITY = YES;
				ENABLE_USER_SCRIPT_SANDBOXING = YES;
				GCC_C_LANGUAGE_STANDARD = gnu17;
				GCC_DYNAMIC_NO_PIC = NO;
				GCC_NO_COMMON_BLOCKS = YES;
				GCC_OPTIMIZATION_LEVEL = 0;
				GCC_PREPROCESSOR_DEFINITIONS = (
					"DEBUG=1",
					"$(inherited)",
				);
				GCC_WARN_64_TO_32_BIT_CONVERSION = YES;
				GCC_WARN_ABOUT_RETURN_TYPE = YES_ERROR;
				GCC_WARN_UNDECLARED_SELECTOR = YES;
				GCC_WARN_UNINITIALIZED_AUTOS = YES_AGGRESSIVE;
				GCC_WARN_UNUSED_FUNCTION = YES;
				GCC_WARN_UNUSED_VARIABLE = YES;
				IPHONEOS_DEPLOYMENT_TARGET = 18.2;
				LOCALIZATION_PREFERS_STRING_CATALOGS = YES;
				MTL_ENABLE_DEBUG_INFO = INCLUDE_SOURCE;
				MTL_FAST_MATH = YES;
				ONLY_ACTIVE_ARCH = YES;
				SDKROOT = iphoneos;
				SWIFT_ACTIVE_COMPILATION_CONDITIONS = "DEBUG $(inherited)";
				SWIFT_OPTIMIZATION_LEVEL = "-Onone";
			};
			name = Debug;
		};
		0838EA842D2768C100DB4326 /* Release */ = {
			isa = XCBuildConfiguration;
			buildSettings = {
				ALWAYS_SEARCH_USER_PATHS = NO;
				ASSETCATALOG_COMPILER_GENERATE_SWIFT_ASSET_SYMBOL_EXTENSIONS = YES;
				CLANG_ANALYZER_NONNULL = YES;
				CLANG_ANALYZER_NUMBER_OBJECT_CONVERSION = YES_AGGRESSIVE;
				CLANG_CXX_LANGUAGE_STANDARD = "gnu++20";
				CLANG_ENABLE_MODULES = YES;
				CLANG_ENABLE_OBJC_ARC = YES;
				CLANG_ENABLE_OBJC_WEAK = YES;
				CLANG_WARN_BLOCK_CAPTURE_AUTORELEASING = YES;
				CLANG_WARN_BOOL_CONVERSION = YES;
				CLANG_WARN_COMMA = YES;
				CLANG_WARN_CONSTANT_CONVERSION = YES;
				CLANG_WARN_DEPRECATED_OBJC_IMPLEMENTATIONS = YES;
				CLANG_WARN_DIRECT_OBJC_ISA_USAGE = YES_ERROR;
				CLANG_WARN_DOCUMENTATION_COMMENTS = YES;
				CLANG_WARN_EMPTY_BODY = YES;
				CLANG_WARN_ENUM_CONVERSION = YES;
				CLANG_WARN_INFINITE_RECURSION = YES;
				CLANG_WARN_INT_CONVERSION = YES;
				CLANG_WARN_NON_LITERAL_NULL_CONVERSION = YES;
				CLANG_WARN_OBJC_IMPLICIT_RETAIN_SELF = YES;
				CLANG_WARN_OBJC_LITERAL_CONVERSION = YES;
				CLANG_WARN_OBJC_ROOT_CLASS = YES_ERROR;
				CLANG_WARN_QUOTED_INCLUDE_IN_FRAMEWORK_HEADER = YES;
				CLANG_WARN_RANGE_LOOP_ANALYSIS = YES;
				CLANG_WARN_STRICT_PROTOTYPES = YES;
				CLANG_WARN_SUSPICIOUS_MOVE = YES;
				CLANG_WARN_UNGUARDED_AVAILABILITY = YES_AGGRESSIVE;
				CLANG_WARN_UNREACHABLE_CODE = YES;
				CLANG_WARN__DUPLICATE_METHOD_MATCH = YES;
				COPY_PHASE_STRIP = NO;
				DEBUG_INFORMATION_FORMAT = "dwarf-with-dsym";
				ENABLE_NS_ASSERTIONS = NO;
				ENABLE_STRICT_OBJC_MSGSEND = YES;
				ENABLE_USER_SCRIPT_SANDBOXING = YES;
				GCC_C_LANGUAGE_STANDARD = gnu17;
				GCC_NO_COMMON_BLOCKS = YES;
				GCC_WARN_64_TO_32_BIT_CONVERSION = YES;
				GCC_WARN_ABOUT_RETURN_TYPE = YES_ERROR;
				GCC_WARN_UNDECLARED_SELECTOR = YES;
				GCC_WARN_UNINITIALIZED_AUTOS = YES_AGGRESSIVE;
				GCC_WARN_UNUSED_FUNCTION = YES;
				GCC_WARN_UNUSED_VARIABLE = YES;
				IPHONEOS_DEPLOYMENT_TARGET = 18.2;
				LOCALIZATION_PREFERS_STRING_CATALOGS = YES;
				MTL_ENABLE_DEBUG_INFO = NO;
				MTL_FAST_MATH = YES;
				SDKROOT = iphoneos;
				SWIFT_COMPILATION_MODE = wholemodule;
				VALIDATE_PRODUCT = YES;
			};
			name = Release;
		};
/* End XCBuildConfiguration section */

/* Begin XCConfigurationList section */
		0838EA682D2768C000DB4326 /* Build configuration list for PBXProject "Advanced SwiftUI UIKit Nav" */ = {
			isa = XCConfigurationList;
			buildConfigurations = (
				0838EA832D2768C100DB4326 /* Debug */,
				0838EA842D2768C100DB4326 /* Release */,
			);
			defaultConfigurationIsVisible = 0;
			defaultConfigurationName = Release;
		};
		0838EA802D2768C100DB4326 /* Build configuration list for PBXNativeTarget "Advanced SwiftUI UIKit Nav" */ = {
			isa = XCConfigurationList;
			buildConfigurations = (
				0838EA812D2768C100DB4326 /* Debug */,
				0838EA822D2768C100DB4326 /* Release */,
			);
			defaultConfigurationIsVisible = 0;
			defaultConfigurationName = Release;
		};
/* End XCConfigurationList section */
	};
	rootObject = 0838EA652D2768C000DB4326 /* Project object */;
}
